{
  "requires": true,
  "lockfileVersion": 1,
  "dependencies": {
    "three-dragcontrols": {
      "version": "0.88.2",
      "resolved": "https://registry.npmjs.org/three-dragcontrols/-/three-dragcontrols-0.88.2.tgz",
      "integrity": "sha512-Qqhbo7+K5TAeqlYlUiI0EBp14uI9nbgoLANas3p4v4kz3h5HmOlComV9UhLI2x3BtdCdcHSuiyDL7sTrtP772w=="
    }
  }
}
